// !$*UTF8*$!
{
	archiveVersion = 1;
	classes = {
	};
	objectVersion = 46;
	objects = {

/* Begin PBXBuildFile section */
		18999B521B4C0069003B9295 /* DemandCollectionViewCell.m in Sources */ = {isa = PBXBuildFile; fileRef = 18999B511B4C0069003B9295 /* DemandCollectionViewCell.m */; };
		18CD9BB11B53B0EF002701E2 /* background1@2x.png in Resources */ = {isa = PBXBuildFile; fileRef = 18CD9B8C1B53B0EE002701E2 /* background1@2x.png */; };
		18CD9BB21B53B0EF002701E2 /* background1@3x.png in Resources */ = {isa = PBXBuildFile; fileRef = 18CD9B8D1B53B0EE002701E2 /* background1@3x.png */; };
		18CD9BB31B53B0EF002701E2 /* background2@2x.png in Resources */ = {isa = PBXBuildFile; fileRef = 18CD9B8E1B53B0EE002701E2 /* background2@2x.png */; };
		18CD9BB41B53B0EF002701E2 /* background2@3x.png in Resources */ = {isa = PBXBuildFile; fileRef = 18CD9B8F1B53B0EE002701E2 /* background2@3x.png */; };
		18CD9BB51B53B0EF002701E2 /* background3@2x.png in Resources */ = {isa = PBXBuildFile; fileRef = 18CD9B901B53B0EE002701E2 /* background3@2x.png */; };
		18CD9BB61B53B0EF002701E2 /* background3@3x.png in Resources */ = {isa = PBXBuildFile; fileRef = 18CD9B911B53B0EE002701E2 /* background3@3x.png */; };
		18CD9BB71B53B0EF002701E2 /* background4@2x.png in Resources */ = {isa = PBXBuildFile; fileRef = 18CD9B921B53B0EF002701E2 /* background4@2x.png */; };
		18CD9BB81B53B0EF002701E2 /* background4@3x.png in Resources */ = {isa = PBXBuildFile; fileRef = 18CD9B931B53B0EF002701E2 /* background4@3x.png */; };
		18CD9BB91B53B0EF002701E2 /* background5@2x.png in Resources */ = {isa = PBXBuildFile; fileRef = 18CD9B941B53B0EF002701E2 /* background5@2x.png */; };
		18CD9BBA1B53B0EF002701E2 /* background5@3x.png in Resources */ = {isa = PBXBuildFile; fileRef = 18CD9B951B53B0EF002701E2 /* background5@3x.png */; };
		18CD9BCC1B53B0EF002701E2 /* menu_accounts_bg_special@2x.png in Resources */ = {isa = PBXBuildFile; fileRef = 18CD9BA71B53B0EF002701E2 /* menu_accounts_bg_special@2x.png */; };
		18CD9BCD1B53B0EF002701E2 /* menu_accounts_bg_special@3x.png in Resources */ = {isa = PBXBuildFile; fileRef = 18CD9BA81B53B0EF002701E2 /* menu_accounts_bg_special@3x.png */; };
		18CD9BCE1B53B0EF002701E2 /* book_cover_0@2x.png in Resources */ = {isa = PBXBuildFile; fileRef = 18CD9BA91B53B0EF002701E2 /* book_cover_0@2x.png */; };
		18CD9BCF1B53B0EF002701E2 /* menu_headview_pressed@2x.png in Resources */ = {isa = PBXBuildFile; fileRef = 18CD9BAA1B53B0EF002701E2 /* menu_headview_pressed@2x.png */; };
		18CD9BD01B53B0EF002701E2 /* menu_headview_pressed@3x.png in Resources */ = {isa = PBXBuildFile; fileRef = 18CD9BAB1B53B0EF002701E2 /* menu_headview_pressed@3x.png */; };
		18CD9BD11B53B0EF002701E2 /* menu_headview@2x.png in Resources */ = {isa = PBXBuildFile; fileRef = 18CD9BAC1B53B0EF002701E2 /* menu_headview@2x.png */; };
		18CD9BD21B53B0EF002701E2 /* menu_headview@3x.png in Resources */ = {isa = PBXBuildFile; fileRef = 18CD9BAD1B53B0EF002701E2 /* menu_headview@3x.png */; };
		18CD9BD31B53B0EF002701E2 /* menu_selected_icon@2x.png in Resources */ = {isa = PBXBuildFile; fileRef = 18CD9BAE1B53B0EF002701E2 /* menu_selected_icon@2x.png */; };
		18CD9BD41B53B0EF002701E2 /* menu_selected_icon@3x.png in Resources */ = {isa = PBXBuildFile; fileRef = 18CD9BAF1B53B0EF002701E2 /* menu_selected_icon@3x.png */; };
		18CD9BD51B53B0EF002701E2 /* menu@2x.png in Resources */ = {isa = PBXBuildFile; fileRef = 18CD9BB01B53B0EF002701E2 /* menu@2x.png */; };
		18CD9BD81B53B180002701E2 /* ProjectManager.m in Sources */ = {isa = PBXBuildFile; fileRef = 18CD9BD71B53B180002701E2 /* ProjectManager.m */; };
		18CD9BEB1B53B68A002701E2 /* book_cover_1@2x.png in Resources */ = {isa = PBXBuildFile; fileRef = 18CD9BDB1B53B68A002701E2 /* book_cover_1@2x.png */; };
		18CD9BEC1B53B68A002701E2 /* book_cover_1@3x.png in Resources */ = {isa = PBXBuildFile; fileRef = 18CD9BDC1B53B68A002701E2 /* book_cover_1@3x.png */; };
		18CD9BED1B53B68A002701E2 /* book_cover_2@2x.png in Resources */ = {isa = PBXBuildFile; fileRef = 18CD9BDD1B53B68A002701E2 /* book_cover_2@2x.png */; };
		18CD9BEE1B53B68A002701E2 /* book_cover_2@3x.png in Resources */ = {isa = PBXBuildFile; fileRef = 18CD9BDE1B53B68A002701E2 /* book_cover_2@3x.png */; };
		18CD9BEF1B53B68A002701E2 /* book_cover_3@2x.png in Resources */ = {isa = PBXBuildFile; fileRef = 18CD9BDF1B53B68A002701E2 /* book_cover_3@2x.png */; };
		18CD9BF01B53B68A002701E2 /* book_cover_3@3x.png in Resources */ = {isa = PBXBuildFile; fileRef = 18CD9BE01B53B68A002701E2 /* book_cover_3@3x.png */; };
		18CD9BF11B53B68A002701E2 /* book_cover_4@2x.png in Resources */ = {isa = PBXBuildFile; fileRef = 18CD9BE11B53B68A002701E2 /* book_cover_4@2x.png */; };
		18CD9BF21B53B68A002701E2 /* book_cover_4@3x.png in Resources */ = {isa = PBXBuildFile; fileRef = 18CD9BE21B53B68A002701E2 /* book_cover_4@3x.png */; };
		18CD9BF31B53B68A002701E2 /* book_cover_5@2x.png in Resources */ = {isa = PBXBuildFile; fileRef = 18CD9BE31B53B68A002701E2 /* book_cover_5@2x.png */; };
		18CD9BF41B53B68A002701E2 /* book_cover_5@3x.png in Resources */ = {isa = PBXBuildFile; fileRef = 18CD9BE41B53B68A002701E2 /* book_cover_5@3x.png */; };
		18CD9BF51B53B68A002701E2 /* btn_book_del@2x.png in Resources */ = {isa = PBXBuildFile; fileRef = 18CD9BE51B53B68A002701E2 /* btn_book_del@2x.png */; };
		18CD9BF61B53B68A002701E2 /* btn_book_del@3x.png in Resources */ = {isa = PBXBuildFile; fileRef = 18CD9BE61B53B68A002701E2 /* btn_book_del@3x.png */; };
		18CD9BF71B53B68A002701E2 /* btn_book_edit@2x.png in Resources */ = {isa = PBXBuildFile; fileRef = 18CD9BE71B53B68A002701E2 /* btn_book_edit@2x.png */; };
		18CD9BF81B53B68A002701E2 /* btn_book_edit@3x.png in Resources */ = {isa = PBXBuildFile; fileRef = 18CD9BE81B53B68A002701E2 /* btn_book_edit@3x.png */; };
		18CD9BFB1B53C002002701E2 /* PopProjectView.m in Sources */ = {isa = PBXBuildFile; fileRef = 18CD9BFA1B53C002002701E2 /* PopProjectView.m */; };
		18CD9BFD1B53C0CD002701E2 /* PopProjectView.xib in Resources */ = {isa = PBXBuildFile; fileRef = 18CD9BFC1B53C0CD002701E2 /* PopProjectView.xib */; };
		18E0805F1B4659E200AABF9E /* main.m in Sources */ = {isa = PBXBuildFile; fileRef = 18E0805E1B4659E200AABF9E /* main.m */; };
		18E080621B4659E200AABF9E /* AppDelegate.m in Sources */ = {isa = PBXBuildFile; fileRef = 18E080611B4659E200AABF9E /* AppDelegate.m */; };
		18E080651B4659E200AABF9E /* ProjectEstimation.xcdatamodeld in Sources */ = {isa = PBXBuildFile; fileRef = 18E080631B4659E200AABF9E /* ProjectEstimation.xcdatamodeld */; };
		18E0806B1B4659E200AABF9E /* Main.storyboard in Resources */ = {isa = PBXBuildFile; fileRef = 18E080691B4659E200AABF9E /* Main.storyboard */; };
		18E0806D1B4659E200AABF9E /* Images.xcassets in Resources */ = {isa = PBXBuildFile; fileRef = 18E0806C1B4659E200AABF9E /* Images.xcassets */; };
		18E080701B4659E200AABF9E /* LaunchScreen.xib in Resources */ = {isa = PBXBuildFile; fileRef = 18E0806E1B4659E200AABF9E /* LaunchScreen.xib */; };
		18E0807C1B4659E300AABF9E /* ProjectEstimationTests.m in Sources */ = {isa = PBXBuildFile; fileRef = 18E0807B1B4659E300AABF9E /* ProjectEstimationTests.m */; };
		18E0809A1B465E7C00AABF9E /* MainViewController.m in Sources */ = {isa = PBXBuildFile; fileRef = 18E080991B465E7C00AABF9E /* MainViewController.m */; };
		18E0809F1B465EB600AABF9E /* LeftViewController.m in Sources */ = {isa = PBXBuildFile; fileRef = 18E0809E1B465EB600AABF9E /* LeftViewController.m */; };
		18E080AB1B46609900AABF9E /* ProjectModel.m in Sources */ = {isa = PBXBuildFile; fileRef = 18E080A81B46609900AABF9E /* ProjectModel.m */; };
		18E080C21B46638E00AABF9E /* LeftSlideViewController.m in Sources */ = {isa = PBXBuildFile; fileRef = 18E080BF1B46638E00AABF9E /* LeftSlideViewController.m */; };
		18E080C31B46638E00AABF9E /* UIView_extra.m in Sources */ = {isa = PBXBuildFile; fileRef = 18E080C11B46638E00AABF9E /* UIView_extra.m */; };
		18E080CB1B466AD700AABF9E /* CardViewController.m in Sources */ = {isa = PBXBuildFile; fileRef = 18E080CA1B466AD700AABF9E /* CardViewController.m */; };
		18E080CE1B466DE800AABF9E /* ProjectTableViewCell.m in Sources */ = {isa = PBXBuildFile; fileRef = 18E080CD1B466DE800AABF9E /* ProjectTableViewCell.m */; };
		18E081371B46717100AABF9E /* ProjectView.m in Sources */ = {isa = PBXBuildFile; fileRef = 18E081361B46717100AABF9E /* ProjectView.m */; };
		62E70BA01B6751C3005876F0 /* LoginViewController.m in Sources */ = {isa = PBXBuildFile; fileRef = 62E70B9F1B6751C3005876F0 /* LoginViewController.m */; };
		62E70BA31B675D79005876F0 /* LoginView.m in Sources */ = {isa = PBXBuildFile; fileRef = 62E70BA21B675D79005876F0 /* LoginView.m */; };
		62E70BA51B675D92005876F0 /* LoginView.xib in Resources */ = {isa = PBXBuildFile; fileRef = 62E70BA41B675D92005876F0 /* LoginView.xib */; };
		62E70BA71B675FD9005876F0 /* login_blue_logo.png in Resources */ = {isa = PBXBuildFile; fileRef = 62E70BA61B675FD9005876F0 /* login_blue_logo.png */; };
		62E70BA91B675FE0005876F0 /* login_button_down.png in Resources */ = {isa = PBXBuildFile; fileRef = 62E70BA81B675FE0005876F0 /* login_button_down.png */; };
		62E70BAB1B675FEB005876F0 /* login_button_up.png in Resources */ = {isa = PBXBuildFile; fileRef = 62E70BAA1B675FEB005876F0 /* login_button_up.png */; };
		62E70BAD1B675FF1005876F0 /* login_gray_logo.png in Resources */ = {isa = PBXBuildFile; fileRef = 62E70BAC1B675FF1005876F0 /* login_gray_logo.png */; };
		62E70BB01B675FFD005876F0 /* password_blue_logo.png in Resources */ = {isa = PBXBuildFile; fileRef = 62E70BAE1B675FFD005876F0 /* password_blue_logo.png */; };
		62E70BB11B675FFD005876F0 /* password_gray_logo.png in Resources */ = {isa = PBXBuildFile; fileRef = 62E70BAF1B675FFD005876F0 /* password_gray_logo.png */; };
		62E70BB41B676BB0005876F0 /* ClientState.m in Sources */ = {isa = PBXBuildFile; fileRef = 62E70BB31B676BB0005876F0 /* ClientState.m */; };
		62E70BC11B677179005876F0 /* 37x-Checkmark.png in Resources */ = {isa = PBXBuildFile; fileRef = 62E70BB61B677179005876F0 /* 37x-Checkmark.png */; };
		62E70BC21B677179005876F0 /* 37x-Checkmark@2x.png in Resources */ = {isa = PBXBuildFile; fileRef = 62E70BB71B677179005876F0 /* 37x-Checkmark@2x.png */; };
		62E70BC31B677179005876F0 /* error.png in Resources */ = {isa = PBXBuildFile; fileRef = 62E70BB81B677179005876F0 /* error.png */; };
		62E70BC41B677179005876F0 /* error@2x.png in Resources */ = {isa = PBXBuildFile; fileRef = 62E70BB91B677179005876F0 /* error@2x.png */; };
		62E70BC51B677179005876F0 /* CLProgressHUD.m in Sources */ = {isa = PBXBuildFile; fileRef = 62E70BBB1B677179005876F0 /* CLProgressHUD.m */; };
		62E70BC61B677179005876F0 /* MBProgressHUD.m in Sources */ = {isa = PBXBuildFile; fileRef = 62E70BBE1B677179005876F0 /* MBProgressHUD.m */; };
		62E70BC71B677179005876F0 /* success.png in Resources */ = {isa = PBXBuildFile; fileRef = 62E70BBF1B677179005876F0 /* success.png */; };
		62E70BC81B677179005876F0 /* success@2x.png in Resources */ = {isa = PBXBuildFile; fileRef = 62E70BC01B677179005876F0 /* success@2x.png */; };
		62E70BCB1B67737B005876F0 /* RegisterView.m in Sources */ = {isa = PBXBuildFile; fileRef = 62E70BCA1B67737B005876F0 /* RegisterView.m */; };
		62E70BCD1B677395005876F0 /* RegisterView.xib in Resources */ = {isa = PBXBuildFile; fileRef = 62E70BCC1B677395005876F0 /* RegisterView.xib */; };
		62E70BD01B677C41005876F0 /* AccountView.m in Sources */ = {isa = PBXBuildFile; fileRef = 62E70BCF1B677C41005876F0 /* AccountView.m */; };
		62EB44C11B6221D800A98D0B /* DemandDetailController.m in Sources */ = {isa = PBXBuildFile; fileRef = 62EB44C01B6221D800A98D0B /* DemandDetailController.m */; };
		62EB44C31B622EF300A98D0B /* demandBg.jpg in Resources */ = {isa = PBXBuildFile; fileRef = 62EB44C21B622EF300A98D0B /* demandBg.jpg */; };
		62EB44C51B6237CD00A98D0B /* addBtn.png in Resources */ = {isa = PBXBuildFile; fileRef = 62EB44C41B6237CD00A98D0B /* addBtn.png */; };
		62EB44C71B623E5700A98D0B /* add1.png in Resources */ = {isa = PBXBuildFile; fileRef = 62EB44C61B623E5700A98D0B /* add1.png */; };
		62EB5F271B60DB6100017A94 /* navBar@2x.png in Resources */ = {isa = PBXBuildFile; fileRef = 62EB5F231B60DB6100017A94 /* navBar@2x.png */; };
		62EB5F281B60DB6100017A94 /* navBar@3x.png in Resources */ = {isa = PBXBuildFile; fileRef = 62EB5F241B60DB6100017A94 /* navBar@3x.png */; };
		62EB5F2D1B60DD1A00017A94 /* leftbackiamge1.jpg in Resources */ = {isa = PBXBuildFile; fileRef = 62EB5F2B1B60DD1A00017A94 /* leftbackiamge1.jpg */; };
		62EB5F301B60DE4F00017A94 /* leftbackiamge2.png in Resources */ = {isa = PBXBuildFile; fileRef = 62EB5F2F1B60DE4F00017A94 /* leftbackiamge2.png */; };
		62ED0C341B65D4FD00F0A5C8 /* DemandEditController.m in Sources */ = {isa = PBXBuildFile; fileRef = 62ED0C331B65D4FD00F0A5C8 /* DemandEditController.m */; };
		62ED0C371B6625C200F0A5C8 /* DemandManager.m in Sources */ = {isa = PBXBuildFile; fileRef = 62ED0C361B6625C200F0A5C8 /* DemandManager.m */; };
		62ED0C3A1B6626FE00F0A5C8 /* DemandModel.m in Sources */ = {isa = PBXBuildFile; fileRef = 62ED0C391B6626FE00F0A5C8 /* DemandModel.m */; };
		62F393DE1B68869800E3C945 /* CLTools.m in Sources */ = {isa = PBXBuildFile; fileRef = 62F393DD1B68869800E3C945 /* CLTools.m */; };
		62F393EB1B68B38E00E3C945 /* FMDatabase.m in Sources */ = {isa = PBXBuildFile; fileRef = 62F393E11B68B38E00E3C945 /* FMDatabase.m */; };
		62F393EC1B68B38E00E3C945 /* FMDatabaseAdditions.m in Sources */ = {isa = PBXBuildFile; fileRef = 62F393E31B68B38E00E3C945 /* FMDatabaseAdditions.m */; };
		62F393ED1B68B38E00E3C945 /* FMDatabasePool.m in Sources */ = {isa = PBXBuildFile; fileRef = 62F393E51B68B38E00E3C945 /* FMDatabasePool.m */; };
		62F393EE1B68B38E00E3C945 /* FMDatabaseQueue.m in Sources */ = {isa = PBXBuildFile; fileRef = 62F393E71B68B38E00E3C945 /* FMDatabaseQueue.m */; };
		62F393EF1B68B38E00E3C945 /* FMResultSet.m in Sources */ = {isa = PBXBuildFile; fileRef = 62F393EA1B68B38E00E3C945 /* FMResultSet.m */; };
		62F393F21B68B3A300E3C945 /* YTKKeyValueStore.m in Sources */ = {isa = PBXBuildFile; fileRef = 62F393F11B68B3A300E3C945 /* YTKKeyValueStore.m */; };
		62F393F51B68B3D400E3C945 /* UserAccountManager.m in Sources */ = {isa = PBXBuildFile; fileRef = 62F393F41B68B3D400E3C945 /* UserAccountManager.m */; };
		62F393F71B68B69600E3C945 /* libsqlite3.dylib in Frameworks */ = {isa = PBXBuildFile; fileRef = 62F393F61B68B69600E3C945 /* libsqlite3.dylib */; };
		62F3942B1B68C54E00E3C945 /* AccountView.xib in Resources */ = {isa = PBXBuildFile; fileRef = 62F3942A1B68C54E00E3C945 /* AccountView.xib */; };
		62F3942E1B68C96F00E3C945 /* noavatar@2x.png in Resources */ = {isa = PBXBuildFile; fileRef = 62F3942C1B68C96F00E3C945 /* noavatar@2x.png */; };
		62F3942F1B68C96F00E3C945 /* noavatar@3x.png in Resources */ = {isa = PBXBuildFile; fileRef = 62F3942D1B68C96F00E3C945 /* noavatar@3x.png */; };
/* End PBXBuildFile section */

/* Begin PBXContainerItemProxy section */
		18E080761B4659E300AABF9E /* PBXContainerItemProxy */ = {
			isa = PBXContainerItemProxy;
			containerPortal = 18E080511B4659E200AABF9E /* Project object */;
			proxyType = 1;
			remoteGlobalIDString = 18E080581B4659E200AABF9E;
			remoteInfo = ProjectEstimation;
		};
/* End PBXContainerItemProxy section */

/* Begin PBXFileReference section */
		18999B4F1B4BFE4C003B9295 /* Macro.h */ = {isa = PBXFileReference; lastKnownFileType = sourcecode.c.h; path = Macro.h; sourceTree = "<group>"; };
		18999B501B4C0069003B9295 /* DemandCollectionViewCell.h */ = {isa = PBXFileReference; fileEncoding = 4; lastKnownFileType = sourcecode.c.h; path = DemandCollectionViewCell.h; sourceTree = "<group>"; };
		18999B511B4C0069003B9295 /* DemandCollectionViewCell.m */ = {isa = PBXFileReference; fileEncoding = 4; lastKnownFileType = sourcecode.c.objc; path = DemandCollectionViewCell.m; sourceTree = "<group>"; };
		18CD9B8C1B53B0EE002701E2 /* background1@2x.png */ = {isa = PBXFileReference; lastKnownFileType = image.png; path = "background1@2x.png"; sourceTree = "<group>"; };
		18CD9B8D1B53B0EE002701E2 /* background1@3x.png */ = {isa = PBXFileReference; lastKnownFileType = image.png; path = "background1@3x.png"; sourceTree = "<group>"; };
		18CD9B8E1B53B0EE002701E2 /* background2@2x.png */ = {isa = PBXFileReference; lastKnownFileType = image.png; path = "background2@2x.png"; sourceTree = "<group>"; };
		18CD9B8F1B53B0EE002701E2 /* background2@3x.png */ = {isa = PBXFileReference; lastKnownFileType = image.png; path = "background2@3x.png"; sourceTree = "<group>"; };
		18CD9B901B53B0EE002701E2 /* background3@2x.png */ = {isa = PBXFileReference; lastKnownFileType = image.png; path = "background3@2x.png"; sourceTree = "<group>"; };
		18CD9B911B53B0EE002701E2 /* background3@3x.png */ = {isa = PBXFileReference; lastKnownFileType = image.png; path = "background3@3x.png"; sourceTree = "<group>"; };
		18CD9B921B53B0EF002701E2 /* background4@2x.png */ = {isa = PBXFileReference; lastKnownFileType = image.png; path = "background4@2x.png"; sourceTree = "<group>"; };
		18CD9B931B53B0EF002701E2 /* background4@3x.png */ = {isa = PBXFileReference; lastKnownFileType = image.png; path = "background4@3x.png"; sourceTree = "<group>"; };
		18CD9B941B53B0EF002701E2 /* background5@2x.png */ = {isa = PBXFileReference; lastKnownFileType = image.png; path = "background5@2x.png"; sourceTree = "<group>"; };
		18CD9B951B53B0EF002701E2 /* background5@3x.png */ = {isa = PBXFileReference; lastKnownFileType = image.png; path = "background5@3x.png"; sourceTree = "<group>"; };
		18CD9BA71B53B0EF002701E2 /* menu_accounts_bg_special@2x.png */ = {isa = PBXFileReference; lastKnownFileType = image.png; path = "menu_accounts_bg_special@2x.png"; sourceTree = "<group>"; };
		18CD9BA81B53B0EF002701E2 /* menu_accounts_bg_special@3x.png */ = {isa = PBXFileReference; lastKnownFileType = image.png; path = "menu_accounts_bg_special@3x.png"; sourceTree = "<group>"; };
		18CD9BA91B53B0EF002701E2 /* book_cover_0@2x.png */ = {isa = PBXFileReference; lastKnownFileType = image.png; path = "book_cover_0@2x.png"; sourceTree = "<group>"; };
		18CD9BAA1B53B0EF002701E2 /* menu_headview_pressed@2x.png */ = {isa = PBXFileReference; lastKnownFileType = image.png; path = "menu_headview_pressed@2x.png"; sourceTree = "<group>"; };
		18CD9BAB1B53B0EF002701E2 /* menu_headview_pressed@3x.png */ = {isa = PBXFileReference; lastKnownFileType = image.png; path = "menu_headview_pressed@3x.png"; sourceTree = "<group>"; };
		18CD9BAC1B53B0EF002701E2 /* menu_headview@2x.png */ = {isa = PBXFileReference; lastKnownFileType = image.png; path = "menu_headview@2x.png"; sourceTree = "<group>"; };
		18CD9BAD1B53B0EF002701E2 /* menu_headview@3x.png */ = {isa = PBXFileReference; lastKnownFileType = image.png; path = "menu_headview@3x.png"; sourceTree = "<group>"; };
		18CD9BAE1B53B0EF002701E2 /* menu_selected_icon@2x.png */ = {isa = PBXFileReference; lastKnownFileType = image.png; path = "menu_selected_icon@2x.png"; sourceTree = "<group>"; };
		18CD9BAF1B53B0EF002701E2 /* menu_selected_icon@3x.png */ = {isa = PBXFileReference; lastKnownFileType = image.png; path = "menu_selected_icon@3x.png"; sourceTree = "<group>"; };
		18CD9BB01B53B0EF002701E2 /* menu@2x.png */ = {isa = PBXFileReference; lastKnownFileType = image.png; path = "menu@2x.png"; sourceTree = "<group>"; };
		18CD9BD61B53B180002701E2 /* ProjectManager.h */ = {isa = PBXFileReference; fileEncoding = 4; lastKnownFileType = sourcecode.c.h; path = ProjectManager.h; sourceTree = "<group>"; };
		18CD9BD71B53B180002701E2 /* ProjectManager.m */ = {isa = PBXFileReference; fileEncoding = 4; lastKnownFileType = sourcecode.c.objc; path = ProjectManager.m; sourceTree = "<group>"; };
		18CD9BDB1B53B68A002701E2 /* book_cover_1@2x.png */ = {isa = PBXFileReference; lastKnownFileType = image.png; path = "book_cover_1@2x.png"; sourceTree = "<group>"; };
		18CD9BDC1B53B68A002701E2 /* book_cover_1@3x.png */ = {isa = PBXFileReference; lastKnownFileType = image.png; path = "book_cover_1@3x.png"; sourceTree = "<group>"; };
		18CD9BDD1B53B68A002701E2 /* book_cover_2@2x.png */ = {isa = PBXFileReference; lastKnownFileType = image.png; path = "book_cover_2@2x.png"; sourceTree = "<group>"; };
		18CD9BDE1B53B68A002701E2 /* book_cover_2@3x.png */ = {isa = PBXFileReference; lastKnownFileType = image.png; path = "book_cover_2@3x.png"; sourceTree = "<group>"; };
		18CD9BDF1B53B68A002701E2 /* book_cover_3@2x.png */ = {isa = PBXFileReference; lastKnownFileType = image.png; path = "book_cover_3@2x.png"; sourceTree = "<group>"; };
		18CD9BE01B53B68A002701E2 /* book_cover_3@3x.png */ = {isa = PBXFileReference; lastKnownFileType = image.png; path = "book_cover_3@3x.png"; sourceTree = "<group>"; };
		18CD9BE11B53B68A002701E2 /* book_cover_4@2x.png */ = {isa = PBXFileReference; lastKnownFileType = image.png; path = "book_cover_4@2x.png"; sourceTree = "<group>"; };
		18CD9BE21B53B68A002701E2 /* book_cover_4@3x.png */ = {isa = PBXFileReference; lastKnownFileType = image.png; path = "book_cover_4@3x.png"; sourceTree = "<group>"; };
		18CD9BE31B53B68A002701E2 /* book_cover_5@2x.png */ = {isa = PBXFileReference; lastKnownFileType = image.png; path = "book_cover_5@2x.png"; sourceTree = "<group>"; };
		18CD9BE41B53B68A002701E2 /* book_cover_5@3x.png */ = {isa = PBXFileReference; lastKnownFileType = image.png; path = "book_cover_5@3x.png"; sourceTree = "<group>"; };
		18CD9BE51B53B68A002701E2 /* btn_book_del@2x.png */ = {isa = PBXFileReference; lastKnownFileType = image.png; path = "btn_book_del@2x.png"; sourceTree = "<group>"; };
		18CD9BE61B53B68A002701E2 /* btn_book_del@3x.png */ = {isa = PBXFileReference; lastKnownFileType = image.png; path = "btn_book_del@3x.png"; sourceTree = "<group>"; };
		18CD9BE71B53B68A002701E2 /* btn_book_edit@2x.png */ = {isa = PBXFileReference; lastKnownFileType = image.png; path = "btn_book_edit@2x.png"; sourceTree = "<group>"; };
		18CD9BE81B53B68A002701E2 /* btn_book_edit@3x.png */ = {isa = PBXFileReference; lastKnownFileType = image.png; path = "btn_book_edit@3x.png"; sourceTree = "<group>"; };
		18CD9BF91B53C002002701E2 /* PopProjectView.h */ = {isa = PBXFileReference; fileEncoding = 4; lastKnownFileType = sourcecode.c.h; path = PopProjectView.h; sourceTree = "<group>"; };
		18CD9BFA1B53C002002701E2 /* PopProjectView.m */ = {isa = PBXFileReference; fileEncoding = 4; lastKnownFileType = sourcecode.c.objc; path = PopProjectView.m; sourceTree = "<group>"; };
		18CD9BFC1B53C0CD002701E2 /* PopProjectView.xib */ = {isa = PBXFileReference; fileEncoding = 4; lastKnownFileType = file.xib; path = PopProjectView.xib; sourceTree = "<group>"; };
		18E080591B4659E200AABF9E /* ProjectEstimation.app */ = {isa = PBXFileReference; explicitFileType = wrapper.application; includeInIndex = 0; path = ProjectEstimation.app; sourceTree = BUILT_PRODUCTS_DIR; };
		18E0805D1B4659E200AABF9E /* Info.plist */ = {isa = PBXFileReference; lastKnownFileType = text.plist.xml; path = Info.plist; sourceTree = "<group>"; };
		18E0805E1B4659E200AABF9E /* main.m */ = {isa = PBXFileReference; lastKnownFileType = sourcecode.c.objc; path = main.m; sourceTree = "<group>"; };
		18E080601B4659E200AABF9E /* AppDelegate.h */ = {isa = PBXFileReference; lastKnownFileType = sourcecode.c.h; path = AppDelegate.h; sourceTree = "<group>"; };
		18E080611B4659E200AABF9E /* AppDelegate.m */ = {isa = PBXFileReference; lastKnownFileType = sourcecode.c.objc; path = AppDelegate.m; sourceTree = "<group>"; };
		18E080641B4659E200AABF9E /* ProjectEstimation.xcdatamodel */ = {isa = PBXFileReference; lastKnownFileType = wrapper.xcdatamodel; path = ProjectEstimation.xcdatamodel; sourceTree = "<group>"; };
		18E0806A1B4659E200AABF9E /* Base */ = {isa = PBXFileReference; lastKnownFileType = file.storyboard; name = Base; path = Base.lproj/Main.storyboard; sourceTree = "<group>"; };
		18E0806C1B4659E200AABF9E /* Images.xcassets */ = {isa = PBXFileReference; lastKnownFileType = folder.assetcatalog; path = Images.xcassets; sourceTree = "<group>"; };
		18E0806F1B4659E200AABF9E /* Base */ = {isa = PBXFileReference; lastKnownFileType = file.xib; name = Base; path = Base.lproj/LaunchScreen.xib; sourceTree = "<group>"; };
		18E080751B4659E300AABF9E /* ProjectEstimationTests.xctest */ = {isa = PBXFileReference; explicitFileType = wrapper.cfbundle; includeInIndex = 0; path = ProjectEstimationTests.xctest; sourceTree = BUILT_PRODUCTS_DIR; };
		18E0807A1B4659E300AABF9E /* Info.plist */ = {isa = PBXFileReference; lastKnownFileType = text.plist.xml; path = Info.plist; sourceTree = "<group>"; };
		18E0807B1B4659E300AABF9E /* ProjectEstimationTests.m */ = {isa = PBXFileReference; lastKnownFileType = sourcecode.c.objc; path = ProjectEstimationTests.m; sourceTree = "<group>"; };
		18E080981B465E7C00AABF9E /* MainViewController.h */ = {isa = PBXFileReference; fileEncoding = 4; lastKnownFileType = sourcecode.c.h; path = MainViewController.h; sourceTree = "<group>"; };
		18E080991B465E7C00AABF9E /* MainViewController.m */ = {isa = PBXFileReference; fileEncoding = 4; lastKnownFileType = sourcecode.c.objc; path = MainViewController.m; sourceTree = "<group>"; };
		18E0809D1B465EB600AABF9E /* LeftViewController.h */ = {isa = PBXFileReference; fileEncoding = 4; lastKnownFileType = sourcecode.c.h; path = LeftViewController.h; sourceTree = "<group>"; };
		18E0809E1B465EB600AABF9E /* LeftViewController.m */ = {isa = PBXFileReference; fileEncoding = 4; lastKnownFileType = sourcecode.c.objc; path = LeftViewController.m; sourceTree = "<group>"; };
		18E080A71B46609900AABF9E /* ProjectModel.h */ = {isa = PBXFileReference; fileEncoding = 4; lastKnownFileType = sourcecode.c.h; path = ProjectModel.h; sourceTree = "<group>"; };
		18E080A81B46609900AABF9E /* ProjectModel.m */ = {isa = PBXFileReference; fileEncoding = 4; lastKnownFileType = sourcecode.c.objc; path = ProjectModel.m; sourceTree = "<group>"; };
		18E080BE1B46638E00AABF9E /* LeftSlideViewController.h */ = {isa = PBXFileReference; fileEncoding = 4; lastKnownFileType = sourcecode.c.h; path = LeftSlideViewController.h; sourceTree = "<group>"; };
		18E080BF1B46638E00AABF9E /* LeftSlideViewController.m */ = {isa = PBXFileReference; fileEncoding = 4; lastKnownFileType = sourcecode.c.objc; path = LeftSlideViewController.m; sourceTree = "<group>"; };
		18E080C01B46638E00AABF9E /* UIView_extra.h */ = {isa = PBXFileReference; fileEncoding = 4; lastKnownFileType = sourcecode.c.h; path = UIView_extra.h; sourceTree = "<group>"; };
		18E080C11B46638E00AABF9E /* UIView_extra.m */ = {isa = PBXFileReference; fileEncoding = 4; lastKnownFileType = sourcecode.c.objc; path = UIView_extra.m; sourceTree = "<group>"; };
		18E080C91B466AD700AABF9E /* CardViewController.h */ = {isa = PBXFileReference; fileEncoding = 4; lastKnownFileType = sourcecode.c.h; path = CardViewController.h; sourceTree = "<group>"; };
		18E080CA1B466AD700AABF9E /* CardViewController.m */ = {isa = PBXFileReference; fileEncoding = 4; lastKnownFileType = sourcecode.c.objc; path = CardViewController.m; sourceTree = "<group>"; };
		18E080CC1B466DE800AABF9E /* ProjectTableViewCell.h */ = {isa = PBXFileReference; fileEncoding = 4; lastKnownFileType = sourcecode.c.h; path = ProjectTableViewCell.h; sourceTree = "<group>"; };
		18E080CD1B466DE800AABF9E /* ProjectTableViewCell.m */ = {isa = PBXFileReference; fileEncoding = 4; lastKnownFileType = sourcecode.c.objc; path = ProjectTableViewCell.m; sourceTree = "<group>"; };
		18E081351B46717100AABF9E /* ProjectView.h */ = {isa = PBXFileReference; fileEncoding = 4; lastKnownFileType = sourcecode.c.h; path = ProjectView.h; sourceTree = "<group>"; };
		18E081361B46717100AABF9E /* ProjectView.m */ = {isa = PBXFileReference; fileEncoding = 4; lastKnownFileType = sourcecode.c.objc; path = ProjectView.m; sourceTree = "<group>"; };
		62E70B9E1B6751C3005876F0 /* LoginViewController.h */ = {isa = PBXFileReference; fileEncoding = 4; lastKnownFileType = sourcecode.c.h; path = LoginViewController.h; sourceTree = "<group>"; };
		62E70B9F1B6751C3005876F0 /* LoginViewController.m */ = {isa = PBXFileReference; fileEncoding = 4; lastKnownFileType = sourcecode.c.objc; path = LoginViewController.m; sourceTree = "<group>"; };
		62E70BA11B675D79005876F0 /* LoginView.h */ = {isa = PBXFileReference; fileEncoding = 4; lastKnownFileType = sourcecode.c.h; path = LoginView.h; sourceTree = "<group>"; };
		62E70BA21B675D79005876F0 /* LoginView.m */ = {isa = PBXFileReference; fileEncoding = 4; lastKnownFileType = sourcecode.c.objc; path = LoginView.m; sourceTree = "<group>"; };
		62E70BA41B675D92005876F0 /* LoginView.xib */ = {isa = PBXFileReference; fileEncoding = 4; lastKnownFileType = file.xib; path = LoginView.xib; sourceTree = "<group>"; };
		62E70BA61B675FD9005876F0 /* login_blue_logo.png */ = {isa = PBXFileReference; lastKnownFileType = image.png; path = login_blue_logo.png; sourceTree = "<group>"; };
		62E70BA81B675FE0005876F0 /* login_button_down.png */ = {isa = PBXFileReference; lastKnownFileType = image.png; path = login_button_down.png; sourceTree = "<group>"; };
		62E70BAA1B675FEB005876F0 /* login_button_up.png */ = {isa = PBXFileReference; lastKnownFileType = image.png; path = login_button_up.png; sourceTree = "<group>"; };
		62E70BAC1B675FF1005876F0 /* login_gray_logo.png */ = {isa = PBXFileReference; lastKnownFileType = image.png; path = login_gray_logo.png; sourceTree = "<group>"; };
		62E70BAE1B675FFD005876F0 /* password_blue_logo.png */ = {isa = PBXFileReference; lastKnownFileType = image.png; path = password_blue_logo.png; sourceTree = "<group>"; };
		62E70BAF1B675FFD005876F0 /* password_gray_logo.png */ = {isa = PBXFileReference; lastKnownFileType = image.png; path = password_gray_logo.png; sourceTree = "<group>"; };
		62E70BB21B676BB0005876F0 /* ClientState.h */ = {isa = PBXFileReference; fileEncoding = 4; lastKnownFileType = sourcecode.c.h; path = ClientState.h; sourceTree = "<group>"; };
		62E70BB31B676BB0005876F0 /* ClientState.m */ = {isa = PBXFileReference; fileEncoding = 4; lastKnownFileType = sourcecode.c.objc; path = ClientState.m; sourceTree = "<group>"; };
		62E70BB61B677179005876F0 /* 37x-Checkmark.png */ = {isa = PBXFileReference; lastKnownFileType = image.png; path = "37x-Checkmark.png"; sourceTree = "<group>"; };
		62E70BB71B677179005876F0 /* 37x-Checkmark@2x.png */ = {isa = PBXFileReference; lastKnownFileType = image.png; path = "37x-Checkmark@2x.png"; sourceTree = "<group>"; };
		62E70BB81B677179005876F0 /* error.png */ = {isa = PBXFileReference; lastKnownFileType = image.png; path = error.png; sourceTree = "<group>"; };
		62E70BB91B677179005876F0 /* error@2x.png */ = {isa = PBXFileReference; lastKnownFileType = image.png; path = "error@2x.png"; sourceTree = "<group>"; };
		62E70BBA1B677179005876F0 /* CLProgressHUD.h */ = {isa = PBXFileReference; fileEncoding = 4; lastKnownFileType = sourcecode.c.h; path = CLProgressHUD.h; sourceTree = "<group>"; };
		62E70BBB1B677179005876F0 /* CLProgressHUD.m */ = {isa = PBXFileReference; fileEncoding = 4; lastKnownFileType = sourcecode.c.objc; path = CLProgressHUD.m; sourceTree = "<group>"; };
		62E70BBC1B677179005876F0 /* MBProgressHUD-Prefix.pch */ = {isa = PBXFileReference; fileEncoding = 4; lastKnownFileType = sourcecode.c.h; path = "MBProgressHUD-Prefix.pch"; sourceTree = "<group>"; };
		62E70BBD1B677179005876F0 /* MBProgressHUD.h */ = {isa = PBXFileReference; fileEncoding = 4; lastKnownFileType = sourcecode.c.h; path = MBProgressHUD.h; sourceTree = "<group>"; };
		62E70BBE1B677179005876F0 /* MBProgressHUD.m */ = {isa = PBXFileReference; fileEncoding = 4; lastKnownFileType = sourcecode.c.objc; path = MBProgressHUD.m; sourceTree = "<group>"; };
		62E70BBF1B677179005876F0 /* success.png */ = {isa = PBXFileReference; lastKnownFileType = image.png; path = success.png; sourceTree = "<group>"; };
		62E70BC01B677179005876F0 /* success@2x.png */ = {isa = PBXFileReference; lastKnownFileType = image.png; path = "success@2x.png"; sourceTree = "<group>"; };
		62E70BC91B67737B005876F0 /* RegisterView.h */ = {isa = PBXFileReference; fileEncoding = 4; lastKnownFileType = sourcecode.c.h; path = RegisterView.h; sourceTree = "<group>"; };
		62E70BCA1B67737B005876F0 /* RegisterView.m */ = {isa = PBXFileReference; fileEncoding = 4; lastKnownFileType = sourcecode.c.objc; path = RegisterView.m; sourceTree = "<group>"; };
		62E70BCC1B677395005876F0 /* RegisterView.xib */ = {isa = PBXFileReference; fileEncoding = 4; lastKnownFileType = file.xib; path = RegisterView.xib; sourceTree = "<group>"; };
		62E70BCE1B677C41005876F0 /* AccountView.h */ = {isa = PBXFileReference; fileEncoding = 4; lastKnownFileType = sourcecode.c.h; path = AccountView.h; sourceTree = "<group>"; };
		62E70BCF1B677C41005876F0 /* AccountView.m */ = {isa = PBXFileReference; fileEncoding = 4; lastKnownFileType = sourcecode.c.objc; path = AccountView.m; sourceTree = "<group>"; };
		62EB44BF1B6221D800A98D0B /* DemandDetailController.h */ = {isa = PBXFileReference; fileEncoding = 4; lastKnownFileType = sourcecode.c.h; path = DemandDetailController.h; sourceTree = "<group>"; };
		62EB44C01B6221D800A98D0B /* DemandDetailController.m */ = {isa = PBXFileReference; fileEncoding = 4; lastKnownFileType = sourcecode.c.objc; path = DemandDetailController.m; sourceTree = "<group>"; };
		62EB44C21B622EF300A98D0B /* demandBg.jpg */ = {isa = PBXFileReference; lastKnownFileType = image.jpeg; path = demandBg.jpg; sourceTree = "<group>"; };
		62EB44C41B6237CD00A98D0B /* addBtn.png */ = {isa = PBXFileReference; lastKnownFileType = image.png; path = addBtn.png; sourceTree = "<group>"; };
		62EB44C61B623E5700A98D0B /* add1.png */ = {isa = PBXFileReference; lastKnownFileType = image.png; path = add1.png; sourceTree = "<group>"; };
		62EB5F231B60DB6100017A94 /* navBar@2x.png */ = {isa = PBXFileReference; lastKnownFileType = image.png; path = "navBar@2x.png"; sourceTree = "<group>"; };
		62EB5F241B60DB6100017A94 /* navBar@3x.png */ = {isa = PBXFileReference; lastKnownFileType = image.png; path = "navBar@3x.png"; sourceTree = "<group>"; };
		62EB5F2B1B60DD1A00017A94 /* leftbackiamge1.jpg */ = {isa = PBXFileReference; lastKnownFileType = image.jpeg; path = leftbackiamge1.jpg; sourceTree = "<group>"; };
		62EB5F2F1B60DE4F00017A94 /* leftbackiamge2.png */ = {isa = PBXFileReference; lastKnownFileType = image.png; path = leftbackiamge2.png; sourceTree = "<group>"; };
		62ED0C321B65D4FD00F0A5C8 /* DemandEditController.h */ = {isa = PBXFileReference; fileEncoding = 4; lastKnownFileType = sourcecode.c.h; path = DemandEditController.h; sourceTree = "<group>"; };
		62ED0C331B65D4FD00F0A5C8 /* DemandEditController.m */ = {isa = PBXFileReference; fileEncoding = 4; lastKnownFileType = sourcecode.c.objc; path = DemandEditController.m; sourceTree = "<group>"; };
		62ED0C351B6625C200F0A5C8 /* DemandManager.h */ = {isa = PBXFileReference; fileEncoding = 4; lastKnownFileType = sourcecode.c.h; path = DemandManager.h; sourceTree = "<group>"; };
		62ED0C361B6625C200F0A5C8 /* DemandManager.m */ = {isa = PBXFileReference; fileEncoding = 4; lastKnownFileType = sourcecode.c.objc; path = DemandManager.m; sourceTree = "<group>"; };
		62ED0C381B6626FE00F0A5C8 /* DemandModel.h */ = {isa = PBXFileReference; fileEncoding = 4; lastKnownFileType = sourcecode.c.h; path = DemandModel.h; sourceTree = "<group>"; };
		62ED0C391B6626FE00F0A5C8 /* DemandModel.m */ = {isa = PBXFileReference; fileEncoding = 4; lastKnownFileType = sourcecode.c.objc; path = DemandModel.m; sourceTree = "<group>"; };
		62F393DC1B68869800E3C945 /* CLTools.h */ = {isa = PBXFileReference; fileEncoding = 4; lastKnownFileType = sourcecode.c.h; path = CLTools.h; sourceTree = "<group>"; };
		62F393DD1B68869800E3C945 /* CLTools.m */ = {isa = PBXFileReference; fileEncoding = 4; lastKnownFileType = sourcecode.c.objc; path = CLTools.m; sourceTree = "<group>"; };
		62F393E01B68B38E00E3C945 /* FMDatabase.h */ = {isa = PBXFileReference; fileEncoding = 4; lastKnownFileType = sourcecode.c.h; path = FMDatabase.h; sourceTree = "<group>"; };
		62F393E11B68B38E00E3C945 /* FMDatabase.m */ = {isa = PBXFileReference; fileEncoding = 4; lastKnownFileType = sourcecode.c.objc; path = FMDatabase.m; sourceTree = "<group>"; };
		62F393E21B68B38E00E3C945 /* FMDatabaseAdditions.h */ = {isa = PBXFileReference; fileEncoding = 4; lastKnownFileType = sourcecode.c.h; path = FMDatabaseAdditions.h; sourceTree = "<group>"; };
		62F393E31B68B38E00E3C945 /* FMDatabaseAdditions.m */ = {isa = PBXFileReference; fileEncoding = 4; lastKnownFileType = sourcecode.c.objc; path = FMDatabaseAdditions.m; sourceTree = "<group>"; };
		62F393E41B68B38E00E3C945 /* FMDatabasePool.h */ = {isa = PBXFileReference; fileEncoding = 4; lastKnownFileType = sourcecode.c.h; path = FMDatabasePool.h; sourceTree = "<group>"; };
		62F393E51B68B38E00E3C945 /* FMDatabasePool.m */ = {isa = PBXFileReference; fileEncoding = 4; lastKnownFileType = sourcecode.c.objc; path = FMDatabasePool.m; sourceTree = "<group>"; };
		62F393E61B68B38E00E3C945 /* FMDatabaseQueue.h */ = {isa = PBXFileReference; fileEncoding = 4; lastKnownFileType = sourcecode.c.h; path = FMDatabaseQueue.h; sourceTree = "<group>"; };
		62F393E71B68B38E00E3C945 /* FMDatabaseQueue.m */ = {isa = PBXFileReference; fileEncoding = 4; lastKnownFileType = sourcecode.c.objc; path = FMDatabaseQueue.m; sourceTree = "<group>"; };
		62F393E81B68B38E00E3C945 /* FMDB.h */ = {isa = PBXFileReference; fileEncoding = 4; lastKnownFileType = sourcecode.c.h; path = FMDB.h; sourceTree = "<group>"; };
		62F393E91B68B38E00E3C945 /* FMResultSet.h */ = {isa = PBXFileReference; fileEncoding = 4; lastKnownFileType = sourcecode.c.h; path = FMResultSet.h; sourceTree = "<group>"; };
		62F393EA1B68B38E00E3C945 /* FMResultSet.m */ = {isa = PBXFileReference; fileEncoding = 4; lastKnownFileType = sourcecode.c.objc; path = FMResultSet.m; sourceTree = "<group>"; };
		62F393F01B68B3A300E3C945 /* YTKKeyValueStore.h */ = {isa = PBXFileReference; fileEncoding = 4; lastKnownFileType = sourcecode.c.h; path = YTKKeyValueStore.h; sourceTree = "<group>"; };
		62F393F11B68B3A300E3C945 /* YTKKeyValueStore.m */ = {isa = PBXFileReference; fileEncoding = 4; lastKnownFileType = sourcecode.c.objc; path = YTKKeyValueStore.m; sourceTree = "<group>"; };
		62F393F31B68B3D400E3C945 /* UserAccountManager.h */ = {isa = PBXFileReference; fileEncoding = 4; lastKnownFileType = sourcecode.c.h; path = UserAccountManager.h; sourceTree = "<group>"; };
		62F393F41B68B3D400E3C945 /* UserAccountManager.m */ = {isa = PBXFileReference; fileEncoding = 4; lastKnownFileType = sourcecode.c.objc; path = UserAccountManager.m; sourceTree = "<group>"; };
		62F393F61B68B69600E3C945 /* libsqlite3.dylib */ = {isa = PBXFileReference; lastKnownFileType = "compiled.mach-o.dylib"; name = libsqlite3.dylib; path = usr/lib/libsqlite3.dylib; sourceTree = SDKROOT; };
		62F3942A1B68C54E00E3C945 /* AccountView.xib */ = {isa = PBXFileReference; fileEncoding = 4; lastKnownFileType = file.xib; path = AccountView.xib; sourceTree = "<group>"; };
		62F3942C1B68C96F00E3C945 /* noavatar@2x.png */ = {isa = PBXFileReference; lastKnownFileType = image.png; path = "noavatar@2x.png"; sourceTree = "<group>"; };
		62F3942D1B68C96F00E3C945 /* noavatar@3x.png */ = {isa = PBXFileReference; lastKnownFileType = image.png; path = "noavatar@3x.png"; sourceTree = "<group>"; };
/* End PBXFileReference section */

/* Begin PBXFrameworksBuildPhase section */
		18E080561B4659E200AABF9E /* Frameworks */ = {
			isa = PBXFrameworksBuildPhase;
			buildActionMask = 2147483647;
			files = (
				62F393F71B68B69600E3C945 /* libsqlite3.dylib in Frameworks */,
			);
			runOnlyForDeploymentPostprocessing = 0;
		};
		18E080721B4659E300AABF9E /* Frameworks */ = {
			isa = PBXFrameworksBuildPhase;
			buildActionMask = 2147483647;
			files = (
			);
			runOnlyForDeploymentPostprocessing = 0;
		};
/* End PBXFrameworksBuildPhase section */

/* Begin PBXGroup section */
		18E080501B4659E200AABF9E = {
			isa = PBXGroup;
			children = (
				62F393F61B68B69600E3C945 /* libsqlite3.dylib */,
				18E0805B1B4659E200AABF9E /* ProjectEstimation */,
				18E080781B4659E300AABF9E /* ProjectEstimationTests */,
				18E0805A1B4659E200AABF9E /* Products */,
			);
			sourceTree = "<group>";
		};
		18E0805A1B4659E200AABF9E /* Products */ = {
			isa = PBXGroup;
			children = (
				18E080591B4659E200AABF9E /* ProjectEstimation.app */,
				18E080751B4659E300AABF9E /* ProjectEstimationTests.xctest */,
			);
			name = Products;
			sourceTree = "<group>";
		};
		18E0805B1B4659E200AABF9E /* ProjectEstimation */ = {
			isa = PBXGroup;
			children = (
				18E080861B465D9300AABF9E /* Controllers */,
				18E080871B465D9300AABF9E /* CoreDataModel */,
				18E080881B465D9300AABF9E /* Models */,
				18E0808A1B465D9300AABF9E /* Views */,
				18E080BC1B46637F00AABF9E /* Utility */,
				18E080601B4659E200AABF9E /* AppDelegate.h */,
				18E080611B4659E200AABF9E /* AppDelegate.m */,
				18E080691B4659E200AABF9E /* Main.storyboard */,
				18E0806C1B4659E200AABF9E /* Images.xcassets */,
				18E080C41B46665900AABF9E /* Resources */,
				18E0805C1B4659E200AABF9E /* Supporting Files */,
			);
			path = ProjectEstimation;
			sourceTree = "<group>";
		};
		18E0805C1B4659E200AABF9E /* Supporting Files */ = {
			isa = PBXGroup;
			children = (
				18E0806E1B4659E200AABF9E /* LaunchScreen.xib */,
				18E0805D1B4659E200AABF9E /* Info.plist */,
				18E0805E1B4659E200AABF9E /* main.m */,
			);
			name = "Supporting Files";
			sourceTree = "<group>";
		};
		18E080781B4659E300AABF9E /* ProjectEstimationTests */ = {
			isa = PBXGroup;
			children = (
				18E0807B1B4659E300AABF9E /* ProjectEstimationTests.m */,
				18E080791B4659E300AABF9E /* Supporting Files */,
			);
			path = ProjectEstimationTests;
			sourceTree = "<group>";
		};
		18E080791B4659E300AABF9E /* Supporting Files */ = {
			isa = PBXGroup;
			children = (
				18E0807A1B4659E300AABF9E /* Info.plist */,
			);
			name = "Supporting Files";
			sourceTree = "<group>";
		};
		18E080861B465D9300AABF9E /* Controllers */ = {
			isa = PBXGroup;
			children = (
				18E080981B465E7C00AABF9E /* MainViewController.h */,
				18E080991B465E7C00AABF9E /* MainViewController.m */,
				18E0809D1B465EB600AABF9E /* LeftViewController.h */,
				18E0809E1B465EB600AABF9E /* LeftViewController.m */,
				62EB44BF1B6221D800A98D0B /* DemandDetailController.h */,
				62EB44C01B6221D800A98D0B /* DemandDetailController.m */,
				62ED0C321B65D4FD00F0A5C8 /* DemandEditController.h */,
				62ED0C331B65D4FD00F0A5C8 /* DemandEditController.m */,
				62E70B9E1B6751C3005876F0 /* LoginViewController.h */,
				62E70B9F1B6751C3005876F0 /* LoginViewController.m */,
				18E080C91B466AD700AABF9E /* CardViewController.h */,
				18E080CA1B466AD700AABF9E /* CardViewController.m */,
			);
			path = Controllers;
			sourceTree = "<group>";
		};
		18E080871B465D9300AABF9E /* CoreDataModel */ = {
			isa = PBXGroup;
			children = (
				62ED0C381B6626FE00F0A5C8 /* DemandModel.h */,
				62ED0C391B6626FE00F0A5C8 /* DemandModel.m */,
				18E080A71B46609900AABF9E /* ProjectModel.h */,
				18E080A81B46609900AABF9E /* ProjectModel.m */,
				18E080631B4659E200AABF9E /* ProjectEstimation.xcdatamodeld */,
			);
			path = CoreDataModel;
			sourceTree = "<group>";
		};
		18E080881B465D9300AABF9E /* Models */ = {
			isa = PBXGroup;
			children = (
				18CD9BD61B53B180002701E2 /* ProjectManager.h */,
				18CD9BD71B53B180002701E2 /* ProjectManager.m */,
				62ED0C351B6625C200F0A5C8 /* DemandManager.h */,
				62ED0C361B6625C200F0A5C8 /* DemandManager.m */,
				62F393F31B68B3D400E3C945 /* UserAccountManager.h */,
				62F393F41B68B3D400E3C945 /* UserAccountManager.m */,
			);
			path = Models;
			sourceTree = "<group>";
		};
		18E0808A1B465D9300AABF9E /* Views */ = {
			isa = PBXGroup;
			children = (
				18E080CC1B466DE800AABF9E /* ProjectTableViewCell.h */,
				18E080CD1B466DE800AABF9E /* ProjectTableViewCell.m */,
				18999B501B4C0069003B9295 /* DemandCollectionViewCell.h */,
				18999B511B4C0069003B9295 /* DemandCollectionViewCell.m */,
				18E081351B46717100AABF9E /* ProjectView.h */,
				18E081361B46717100AABF9E /* ProjectView.m */,
				18CD9BF91B53C002002701E2 /* PopProjectView.h */,
				18CD9BFA1B53C002002701E2 /* PopProjectView.m */,
				18CD9BFC1B53C0CD002701E2 /* PopProjectView.xib */,
				62E70BA11B675D79005876F0 /* LoginView.h */,
				62E70BA21B675D79005876F0 /* LoginView.m */,
				62E70BA41B675D92005876F0 /* LoginView.xib */,
				62E70BC91B67737B005876F0 /* RegisterView.h */,
				62E70BCA1B67737B005876F0 /* RegisterView.m */,
				62E70BCC1B677395005876F0 /* RegisterView.xib */,
				62E70BCE1B677C41005876F0 /* AccountView.h */,
				62E70BCF1B677C41005876F0 /* AccountView.m */,
				62F3942A1B68C54E00E3C945 /* AccountView.xib */,
			);
			path = Views;
			sourceTree = "<group>";
		};
		18E080BC1B46637F00AABF9E /* Utility */ = {
			isa = PBXGroup;
			children = (
				62F393DF1B68B38E00E3C945 /* FMDB */,
				62E70BB51B677179005876F0 /* ProgressHUD */,
				18E080BD1B46637F00AABF9E /* SlideView */,
				18999B4F1B4BFE4C003B9295 /* Macro.h */,
				62E70BB21B676BB0005876F0 /* ClientState.h */,
				62E70BB31B676BB0005876F0 /* ClientState.m */,
				62F393DC1B68869800E3C945 /* CLTools.h */,
				62F393DD1B68869800E3C945 /* CLTools.m */,
			);
			path = Utility;
			sourceTree = "<group>";
		};
		18E080BD1B46637F00AABF9E /* SlideView */ = {
			isa = PBXGroup;
			children = (
				18E080BE1B46638E00AABF9E /* LeftSlideViewController.h */,
				18E080BF1B46638E00AABF9E /* LeftSlideViewController.m */,
				18E080C01B46638E00AABF9E /* UIView_extra.h */,
				18E080C11B46638E00AABF9E /* UIView_extra.m */,
			);
			path = SlideView;
			sourceTree = "<group>";
		};
		18E080C41B46665900AABF9E /* Resources */ = {
			isa = PBXGroup;
			children = (
				62F3942C1B68C96F00E3C945 /* noavatar@2x.png */,
				62F3942D1B68C96F00E3C945 /* noavatar@3x.png */,
				62E70BAE1B675FFD005876F0 /* password_blue_logo.png */,
				62E70BAF1B675FFD005876F0 /* password_gray_logo.png */,
				62E70BA61B675FD9005876F0 /* login_blue_logo.png */,
				62E70BAC1B675FF1005876F0 /* login_gray_logo.png */,
				62E70BA81B675FE0005876F0 /* login_button_down.png */,
				62E70BAA1B675FEB005876F0 /* login_button_up.png */,
				62EB44C61B623E5700A98D0B /* add1.png */,
				62EB44C41B6237CD00A98D0B /* addBtn.png */,
				62EB44C21B622EF300A98D0B /* demandBg.jpg */,
				18CD9BDB1B53B68A002701E2 /* book_cover_1@2x.png */,
				18CD9BDC1B53B68A002701E2 /* book_cover_1@3x.png */,
				18CD9BDD1B53B68A002701E2 /* book_cover_2@2x.png */,
				18CD9BDE1B53B68A002701E2 /* book_cover_2@3x.png */,
				18CD9BDF1B53B68A002701E2 /* book_cover_3@2x.png */,
				18CD9BE01B53B68A002701E2 /* book_cover_3@3x.png */,
				18CD9BE11B53B68A002701E2 /* book_cover_4@2x.png */,
				18CD9BE21B53B68A002701E2 /* book_cover_4@3x.png */,
				18CD9BE31B53B68A002701E2 /* book_cover_5@2x.png */,
				18CD9BE41B53B68A002701E2 /* book_cover_5@3x.png */,
				18CD9BE51B53B68A002701E2 /* btn_book_del@2x.png */,
				18CD9BE61B53B68A002701E2 /* btn_book_del@3x.png */,
				18CD9BE71B53B68A002701E2 /* btn_book_edit@2x.png */,
				18CD9BE81B53B68A002701E2 /* btn_book_edit@3x.png */,
				18CD9B8C1B53B0EE002701E2 /* background1@2x.png */,
				18CD9B8D1B53B0EE002701E2 /* background1@3x.png */,
				18CD9B8E1B53B0EE002701E2 /* background2@2x.png */,
				18CD9B8F1B53B0EE002701E2 /* background2@3x.png */,
				18CD9B901B53B0EE002701E2 /* background3@2x.png */,
				18CD9B911B53B0EE002701E2 /* background3@3x.png */,
				18CD9B921B53B0EF002701E2 /* background4@2x.png */,
				18CD9B931B53B0EF002701E2 /* background4@3x.png */,
				18CD9B941B53B0EF002701E2 /* background5@2x.png */,
				18CD9B951B53B0EF002701E2 /* background5@3x.png */,
				62EB5F2F1B60DE4F00017A94 /* leftbackiamge2.png */,
				62EB5F2B1B60DD1A00017A94 /* leftbackiamge1.jpg */,
				62EB5F231B60DB6100017A94 /* navBar@2x.png */,
				62EB5F241B60DB6100017A94 /* navBar@3x.png */,
				18CD9BA71B53B0EF002701E2 /* menu_accounts_bg_special@2x.png */,
				18CD9BA81B53B0EF002701E2 /* menu_accounts_bg_special@3x.png */,
				18CD9BA91B53B0EF002701E2 /* book_cover_0@2x.png */,
				18CD9BAA1B53B0EF002701E2 /* menu_headview_pressed@2x.png */,
				18CD9BAB1B53B0EF002701E2 /* menu_headview_pressed@3x.png */,
				18CD9BAC1B53B0EF002701E2 /* menu_headview@2x.png */,
				18CD9BAD1B53B0EF002701E2 /* menu_headview@3x.png */,
				18CD9BAE1B53B0EF002701E2 /* menu_selected_icon@2x.png */,
				18CD9BAF1B53B0EF002701E2 /* menu_selected_icon@3x.png */,
				18CD9BB01B53B0EF002701E2 /* menu@2x.png */,
			);
			path = Resources;
			sourceTree = "<group>";
		};
		62E70BB51B677179005876F0 /* ProgressHUD */ = {
			isa = PBXGroup;
			children = (
				62E70BB61B677179005876F0 /* 37x-Checkmark.png */,
				62E70BB71B677179005876F0 /* 37x-Checkmark@2x.png */,
				62E70BB81B677179005876F0 /* error.png */,
				62E70BB91B677179005876F0 /* error@2x.png */,
				62E70BBA1B677179005876F0 /* CLProgressHUD.h */,
				62E70BBB1B677179005876F0 /* CLProgressHUD.m */,
				62E70BBC1B677179005876F0 /* MBProgressHUD-Prefix.pch */,
				62E70BBD1B677179005876F0 /* MBProgressHUD.h */,
				62E70BBE1B677179005876F0 /* MBProgressHUD.m */,
				62E70BBF1B677179005876F0 /* success.png */,
				62E70BC01B677179005876F0 /* success@2x.png */,
			);
			path = ProgressHUD;
			sourceTree = "<group>";
		};
		62F393DF1B68B38E00E3C945 /* FMDB */ = {
			isa = PBXGroup;
			children = (
				62F393F01B68B3A300E3C945 /* YTKKeyValueStore.h */,
				62F393F11B68B3A300E3C945 /* YTKKeyValueStore.m */,
				62F393E01B68B38E00E3C945 /* FMDatabase.h */,
				62F393E11B68B38E00E3C945 /* FMDatabase.m */,
				62F393E21B68B38E00E3C945 /* FMDatabaseAdditions.h */,
				62F393E31B68B38E00E3C945 /* FMDatabaseAdditions.m */,
				62F393E41B68B38E00E3C945 /* FMDatabasePool.h */,
				62F393E51B68B38E00E3C945 /* FMDatabasePool.m */,
				62F393E61B68B38E00E3C945 /* FMDatabaseQueue.h */,
				62F393E71B68B38E00E3C945 /* FMDatabaseQueue.m */,
				62F393E81B68B38E00E3C945 /* FMDB.h */,
				62F393E91B68B38E00E3C945 /* FMResultSet.h */,
				62F393EA1B68B38E00E3C945 /* FMResultSet.m */,
			);
			path = FMDB;
			sourceTree = "<group>";
		};
/* End PBXGroup section */

/* Begin PBXNativeTarget section */
		18E080581B4659E200AABF9E /* ProjectEstimation */ = {
			isa = PBXNativeTarget;
			buildConfigurationList = 18E0807F1B4659E300AABF9E /* Build configuration list for PBXNativeTarget "ProjectEstimation" */;
			buildPhases = (
				18E080551B4659E200AABF9E /* Sources */,
				18E080561B4659E200AABF9E /* Frameworks */,
				18E080571B4659E200AABF9E /* Resources */,
			);
			buildRules = (
			);
			dependencies = (
			);
			name = ProjectEstimation;
			productName = ProjectEstimation;
			productReference = 18E080591B4659E200AABF9E /* ProjectEstimation.app */;
			productType = "com.apple.product-type.application";
		};
		18E080741B4659E300AABF9E /* ProjectEstimationTests */ = {
			isa = PBXNativeTarget;
			buildConfigurationList = 18E080821B4659E300AABF9E /* Build configuration list for PBXNativeTarget "ProjectEstimationTests" */;
			buildPhases = (
				18E080711B4659E300AABF9E /* Sources */,
				18E080721B4659E300AABF9E /* Frameworks */,
				18E080731B4659E300AABF9E /* Resources */,
			);
			buildRules = (
			);
			dependencies = (
				18E080771B4659E300AABF9E /* PBXTargetDependency */,
			);
			name = ProjectEstimationTests;
			productName = ProjectEstimationTests;
			productReference = 18E080751B4659E300AABF9E /* ProjectEstimationTests.xctest */;
			productType = "com.apple.product-type.bundle.unit-test";
		};
/* End PBXNativeTarget section */

/* Begin PBXProject section */
		18E080511B4659E200AABF9E /* Project object */ = {
			isa = PBXProject;
			attributes = {
				LastUpgradeCheck = 0640;
				ORGANIZATIONNAME = "Felix M L";
				TargetAttributes = {
					18E080581B4659E200AABF9E = {
						CreatedOnToolsVersion = 6.4;
						DevelopmentTeam = PH3E85G6DY;
					};
					18E080741B4659E300AABF9E = {
						CreatedOnToolsVersion = 6.4;
						TestTargetID = 18E080581B4659E200AABF9E;
					};
				};
			};
			buildConfigurationList = 18E080541B4659E200AABF9E /* Build configuration list for PBXProject "ProjectEstimation" */;
			compatibilityVersion = "Xcode 3.2";
			developmentRegion = English;
			hasScannedForEncodings = 0;
			knownRegions = (
				en,
				Base,
			);
			mainGroup = 18E080501B4659E200AABF9E;
			productRefGroup = 18E0805A1B4659E200AABF9E /* Products */;
			projectDirPath = "";
			projectRoot = "";
			targets = (
				18E080581B4659E200AABF9E /* ProjectEstimation */,
				18E080741B4659E300AABF9E /* ProjectEstimationTests */,
			);
		};
/* End PBXProject section */

/* Begin PBXResourcesBuildPhase section */
		18E080571B4659E200AABF9E /* Resources */ = {
			isa = PBXResourcesBuildPhase;
			buildActionMask = 2147483647;
			files = (
				18CD9BB11B53B0EF002701E2 /* background1@2x.png in Resources */,
				62EB5F281B60DB6100017A94 /* navBar@3x.png in Resources */,
				18CD9BB61B53B0EF002701E2 /* background3@3x.png in Resources */,
				62E70BA91B675FE0005876F0 /* login_button_down.png in Resources */,
				18CD9BCD1B53B0EF002701E2 /* menu_accounts_bg_special@3x.png in Resources */,
				62E70BC21B677179005876F0 /* 37x-Checkmark@2x.png in Resources */,
				62EB44C51B6237CD00A98D0B /* addBtn.png in Resources */,
				62E70BB01B675FFD005876F0 /* password_blue_logo.png in Resources */,
				18CD9BF11B53B68A002701E2 /* book_cover_4@2x.png in Resources */,
				18CD9BB91B53B0EF002701E2 /* background5@2x.png in Resources */,
				18CD9BF31B53B68A002701E2 /* book_cover_5@2x.png in Resources */,
				62E70BC11B677179005876F0 /* 37x-Checkmark.png in Resources */,
				18CD9BCF1B53B0EF002701E2 /* menu_headview_pressed@2x.png in Resources */,
				18E0806B1B4659E200AABF9E /* Main.storyboard in Resources */,
				18CD9BF21B53B68A002701E2 /* book_cover_4@3x.png in Resources */,
				62EB44C71B623E5700A98D0B /* add1.png in Resources */,
				62E70BC31B677179005876F0 /* error.png in Resources */,
				62F3942E1B68C96F00E3C945 /* noavatar@2x.png in Resources */,
				18CD9BCE1B53B0EF002701E2 /* book_cover_0@2x.png in Resources */,
				18CD9BD21B53B0EF002701E2 /* menu_headview@3x.png in Resources */,
				18CD9BB21B53B0EF002701E2 /* background1@3x.png in Resources */,
				18CD9BB31B53B0EF002701E2 /* background2@2x.png in Resources */,
				18CD9BEE1B53B68A002701E2 /* book_cover_2@3x.png in Resources */,
				18E080701B4659E200AABF9E /* LaunchScreen.xib in Resources */,
				62E70BA51B675D92005876F0 /* LoginView.xib in Resources */,
				62EB5F2D1B60DD1A00017A94 /* leftbackiamge1.jpg in Resources */,
				62E70BB11B675FFD005876F0 /* password_gray_logo.png in Resources */,
				18CD9BF71B53B68A002701E2 /* btn_book_edit@2x.png in Resources */,
				62E70BC41B677179005876F0 /* error@2x.png in Resources */,
				18CD9BD01B53B0EF002701E2 /* menu_headview_pressed@3x.png in Resources */,
				18E0806D1B4659E200AABF9E /* Images.xcassets in Resources */,
				18CD9BB71B53B0EF002701E2 /* background4@2x.png in Resources */,
				18CD9BEB1B53B68A002701E2 /* book_cover_1@2x.png in Resources */,
				62F3942F1B68C96F00E3C945 /* noavatar@3x.png in Resources */,
				18CD9BB41B53B0EF002701E2 /* background2@3x.png in Resources */,
				18CD9BEF1B53B68A002701E2 /* book_cover_3@2x.png in Resources */,
				18CD9BD11B53B0EF002701E2 /* menu_headview@2x.png in Resources */,
				18CD9BD31B53B0EF002701E2 /* menu_selected_icon@2x.png in Resources */,
				18CD9BD51B53B0EF002701E2 /* menu@2x.png in Resources */,
				18CD9BB51B53B0EF002701E2 /* background3@2x.png in Resources */,
				18CD9BB81B53B0EF002701E2 /* background4@3x.png in Resources */,
				62E70BAD1B675FF1005876F0 /* login_gray_logo.png in Resources */,
				18CD9BF51B53B68A002701E2 /* btn_book_del@2x.png in Resources */,
				18CD9BED1B53B68A002701E2 /* book_cover_2@2x.png in Resources */,
				18CD9BD41B53B0EF002701E2 /* menu_selected_icon@3x.png in Resources */,
				18CD9BEC1B53B68A002701E2 /* book_cover_1@3x.png in Resources */,
				62EB5F301B60DE4F00017A94 /* leftbackiamge2.png in Resources */,
				18CD9BBA1B53B0EF002701E2 /* background5@3x.png in Resources */,
				62E70BC81B677179005876F0 /* success@2x.png in Resources */,
				62E70BC71B677179005876F0 /* success.png in Resources */,
				62E70BCD1B677395005876F0 /* RegisterView.xib in Resources */,
				62EB44C31B622EF300A98D0B /* demandBg.jpg in Resources */,
				18CD9BF01B53B68A002701E2 /* book_cover_3@3x.png in Resources */,
				62EB5F271B60DB6100017A94 /* navBar@2x.png in Resources */,
				62F3942B1B68C54E00E3C945 /* AccountView.xib in Resources */,
				18CD9BFD1B53C0CD002701E2 /* PopProjectView.xib in Resources */,
				18CD9BCC1B53B0EF002701E2 /* menu_accounts_bg_special@2x.png in Resources */,
				18CD9BF61B53B68A002701E2 /* btn_book_del@3x.png in Resources */,
				62E70BAB1B675FEB005876F0 /* login_button_up.png in Resources */,
				18CD9BF81B53B68A002701E2 /* btn_book_edit@3x.png in Resources */,
				18CD9BF41B53B68A002701E2 /* book_cover_5@3x.png in Resources */,
				62E70BA71B675FD9005876F0 /* login_blue_logo.png in Resources */,
			);
			runOnlyForDeploymentPostprocessing = 0;
		};
		18E080731B4659E300AABF9E /* Resources */ = {
			isa = PBXResourcesBuildPhase;
			buildActionMask = 2147483647;
			files = (
			);
			runOnlyForDeploymentPostprocessing = 0;
		};
/* End PBXResourcesBuildPhase section */

/* Begin PBXSourcesBuildPhase section */
		18E080551B4659E200AABF9E /* Sources */ = {
			isa = PBXSourcesBuildPhase;
			buildActionMask = 2147483647;
			files = (
				18E080CE1B466DE800AABF9E /* ProjectTableViewCell.m in Sources */,
				18E080CB1B466AD700AABF9E /* CardViewController.m in Sources */,
				62F393DE1B68869800E3C945 /* CLTools.m in Sources */,
				62E70BC61B677179005876F0 /* MBProgressHUD.m in Sources */,
				62F393ED1B68B38E00E3C945 /* FMDatabasePool.m in Sources */,
				62F393F51B68B3D400E3C945 /* UserAccountManager.m in Sources */,
				62F393EE1B68B38E00E3C945 /* FMDatabaseQueue.m in Sources */,
				18E081371B46717100AABF9E /* ProjectView.m in Sources */,
				62EB44C11B6221D800A98D0B /* DemandDetailController.m in Sources */,
				62ED0C371B6625C200F0A5C8 /* DemandManager.m in Sources */,
				18E0809F1B465EB600AABF9E /* LeftViewController.m in Sources */,
				62ED0C3A1B6626FE00F0A5C8 /* DemandModel.m in Sources */,
				62F393EF1B68B38E00E3C945 /* FMResultSet.m in Sources */,
				18999B521B4C0069003B9295 /* DemandCollectionViewCell.m in Sources */,
				18E080AB1B46609900AABF9E /* ProjectModel.m in Sources */,
				18E080621B4659E200AABF9E /* AppDelegate.m in Sources */,
				62F393EB1B68B38E00E3C945 /* FMDatabase.m in Sources */,
				18E0809A1B465E7C00AABF9E /* MainViewController.m in Sources */,
				62E70BC51B677179005876F0 /* CLProgressHUD.m in Sources */,
				18E080651B4659E200AABF9E /* ProjectEstimation.xcdatamodeld in Sources */,
				18E080C31B46638E00AABF9E /* UIView_extra.m in Sources */,
				62ED0C341B65D4FD00F0A5C8 /* DemandEditController.m in Sources */,
				18CD9BFB1B53C002002701E2 /* PopProjectView.m in Sources */,
				62F393EC1B68B38E00E3C945 /* FMDatabaseAdditions.m in Sources */,
				62E70BCB1B67737B005876F0 /* RegisterView.m in Sources */,
				62F393F21B68B3A300E3C945 /* YTKKeyValueStore.m in Sources */,
				62E70BA01B6751C3005876F0 /* LoginViewController.m in Sources */,
				18E0805F1B4659E200AABF9E /* main.m in Sources */,
				18E080C21B46638E00AABF9E /* LeftSlideViewController.m in Sources */,
				62E70BA31B675D79005876F0 /* LoginView.m in Sources */,
				18CD9BD81B53B180002701E2 /* ProjectManager.m in Sources */,
				62E70BB41B676BB0005876F0 /* ClientState.m in Sources */,
				62E70BD01B677C41005876F0 /* AccountView.m in Sources */,
			);
			runOnlyForDeploymentPostprocessing = 0;
		};
		18E080711B4659E300AABF9E /* Sources */ = {
			isa = PBXSourcesBuildPhase;
			buildActionMask = 2147483647;
			files = (
				18E0807C1B4659E300AABF9E /* ProjectEstimationTests.m in Sources */,
			);
			runOnlyForDeploymentPostprocessing = 0;
		};
/* End PBXSourcesBuildPhase section */

/* Begin PBXTargetDependency section */
		18E080771B4659E300AABF9E /* PBXTargetDependency */ = {
			isa = PBXTargetDependency;
			target = 18E080581B4659E200AABF9E /* ProjectEstimation */;
			targetProxy = 18E080761B4659E300AABF9E /* PBXContainerItemProxy */;
		};
/* End PBXTargetDependency section */

/* Begin PBXVariantGroup section */
		18E080691B4659E200AABF9E /* Main.storyboard */ = {
			isa = PBXVariantGroup;
			children = (
				18E0806A1B4659E200AABF9E /* Base */,
			);
			name = Main.storyboard;
			sourceTree = "<group>";
		};
		18E0806E1B4659E200AABF9E /* LaunchScreen.xib */ = {
			isa = PBXVariantGroup;
			children = (
				18E0806F1B4659E200AABF9E /* Base */,
			);
			name = LaunchScreen.xib;
			sourceTree = "<group>";
		};
/* End PBXVariantGroup section */

/* Begin XCBuildConfiguration section */
		18E0807D1B4659E300AABF9E /* Debug */ = {
			isa = XCBuildConfiguration;
			buildSettings = {
				ALWAYS_SEARCH_USER_PATHS = NO;
				CLANG_CXX_LANGUAGE_STANDARD = "gnu++0x";
				CLANG_CXX_LIBRARY = "libc++";
				CLANG_ENABLE_MODULES = YES;
				CLANG_ENABLE_OBJC_ARC = YES;
				CLANG_WARN_BOOL_CONVERSION = YES;
				CLANG_WARN_CONSTANT_CONVERSION = YES;
				CLANG_WARN_DIRECT_OBJC_ISA_USAGE = YES_ERROR;
				CLANG_WARN_EMPTY_BODY = YES;
				CLANG_WARN_ENUM_CONVERSION = YES;
				CLANG_WARN_INT_CONVERSION = YES;
				CLANG_WARN_OBJC_ROOT_CLASS = YES_ERROR;
				CLANG_WARN_UNREACHABLE_CODE = YES;
				CLANG_WARN__DUPLICATE_METHOD_MATCH = YES;
				"CODE_SIGN_IDENTITY[sdk=iphoneos*]" = "iPhone Developer";
				COPY_PHASE_STRIP = NO;
				DEBUG_INFORMATION_FORMAT = "dwarf-with-dsym";
				ENABLE_STRICT_OBJC_MSGSEND = YES;
				GCC_C_LANGUAGE_STANDARD = gnu99;
				GCC_DYNAMIC_NO_PIC = NO;
				GCC_NO_COMMON_BLOCKS = YES;
				GCC_OPTIMIZATION_LEVEL = 0;
				GCC_PREPROCESSOR_DEFINITIONS = (
					"DEBUG=1",
					"$(inherited)",
				);
				GCC_SYMBOLS_PRIVATE_EXTERN = NO;
				GCC_WARN_64_TO_32_BIT_CONVERSION = YES;
				GCC_WARN_ABOUT_RETURN_TYPE = YES_ERROR;
				GCC_WARN_UNDECLARED_SELECTOR = YES;
				GCC_WARN_UNINITIALIZED_AUTOS = YES_AGGRESSIVE;
				GCC_WARN_UNUSED_FUNCTION = YES;
				GCC_WARN_UNUSED_VARIABLE = YES;
				IPHONEOS_DEPLOYMENT_TARGET = 8.0;
				MTL_ENABLE_DEBUG_INFO = YES;
				ONLY_ACTIVE_ARCH = YES;
				PROVISIONING_PROFILE = "";
				SDKROOT = iphoneos;
			};
			name = Debug;
		};
		18E0807E1B4659E300AABF9E /* Release */ = {
			isa = XCBuildConfiguration;
			buildSettings = {
				ALWAYS_SEARCH_USER_PATHS = NO;
				CLANG_CXX_LANGUAGE_STANDARD = "gnu++0x";
				CLANG_CXX_LIBRARY = "libc++";
				CLANG_ENABLE_MODULES = YES;
				CLANG_ENABLE_OBJC_ARC = YES;
				CLANG_WARN_BOOL_CONVERSION = YES;
				CLANG_WARN_CONSTANT_CONVERSION = YES;
				CLANG_WARN_DIRECT_OBJC_ISA_USAGE = YES_ERROR;
				CLANG_WARN_EMPTY_BODY = YES;
				CLANG_WARN_ENUM_CONVERSION = YES;
				CLANG_WARN_INT_CONVERSION = YES;
				CLANG_WARN_OBJC_ROOT_CLASS = YES_ERROR;
				CLANG_WARN_UNREACHABLE_CODE = YES;
				CLANG_WARN__DUPLICATE_METHOD_MATCH = YES;
				"CODE_SIGN_IDENTITY[sdk=iphoneos*]" = "iPhone Developer";
				COPY_PHASE_STRIP = NO;
				DEBUG_INFORMATION_FORMAT = "dwarf-with-dsym";
				ENABLE_NS_ASSERTIONS = NO;
				ENABLE_STRICT_OBJC_MSGSEND = YES;
				GCC_C_LANGUAGE_STANDARD = gnu99;
				GCC_NO_COMMON_BLOCKS = YES;
				GCC_WARN_64_TO_32_BIT_CONVERSION = YES;
				GCC_WARN_ABOUT_RETURN_TYPE = YES_ERROR;
				GCC_WARN_UNDECLARED_SELECTOR = YES;
				GCC_WARN_UNINITIALIZED_AUTOS = YES_AGGRESSIVE;
				GCC_WARN_UNUSED_FUNCTION = YES;
				GCC_WARN_UNUSED_VARIABLE = YES;
				IPHONEOS_DEPLOYMENT_TARGET = 8.0;
				MTL_ENABLE_DEBUG_INFO = NO;
				PROVISIONING_PROFILE = "";
				SDKROOT = iphoneos;
				VALIDATE_PRODUCT = YES;
			};
			name = Release;
		};
		18E080801B4659E300AABF9E /* Debug */ = {
			isa = XCBuildConfiguration;
			buildSettings = {
				ASSETCATALOG_COMPILER_APPICON_NAME = AppIcon;
				CODE_SIGN_IDENTITY = "iPhone Developer";
				"CODE_SIGN_IDENTITY[sdk=iphoneos*]" = "iPhone Developer";
				INFOPLIST_FILE = ProjectEstimation/Info.plist;
				IPHONEOS_DEPLOYMENT_TARGET = 8.0;
				LD_RUNPATH_SEARCH_PATHS = "$(inherited) @executable_path/Frameworks";
				PRODUCT_NAME = "$(TARGET_NAME)";
				PROVISIONING_PROFILE = "";
			};
			name = Debug;
		};
		18E080811B4659E300AABF9E /* Release */ = {
			isa = XCBuildConfiguration;
			buildSettings = {
				ASSETCATALOG_COMPILER_APPICON_NAME = AppIcon;
				CODE_SIGN_IDENTITY = "iPhone Developer";
				"CODE_SIGN_IDENTITY[sdk=iphoneos*]" = "iPhone Developer";
				INFOPLIST_FILE = ProjectEstimation/Info.plist;
				IPHONEOS_DEPLOYMENT_TARGET = 8.0;
				LD_RUNPATH_SEARCH_PATHS = "$(inherited) @executable_path/Frameworks";
				PRODUCT_NAME = "$(TARGET_NAME)";
				PROVISIONING_PROFILE = "";
			};
			name = Release;
		};
		18E080831B4659E300AABF9E /* Debug */ = {
			isa = XCBuildConfiguration;
			buildSettings = {
				BUNDLE_LOADER = "$(TEST_HOST)";
				FRAMEWORK_SEARCH_PATHS = (
					"$(SDKROOT)/Developer/Library/Frameworks",
					"$(inherited)",
				);
				GCC_PREPROCESSOR_DEFINITIONS = (
					"DEBUG=1",
					"$(inherited)",
				);
				INFOPLIST_FILE = ProjectEstimationTests/Info.plist;
				LD_RUNPATH_SEARCH_PATHS = "$(inherited) @executable_path/Frameworks @loader_path/Frameworks";
				PRODUCT_NAME = "$(TARGET_NAME)";
				TEST_HOST = "$(BUILT_PRODUCTS_DIR)/ProjectEstimation.app/ProjectEstimation";
			};
			name = Debug;
		};
		18E080841B4659E300AABF9E /* Release */ = {
			isa = XCBuildConfiguration;
			buildSettings = {
				BUNDLE_LOADER = "$(TEST_HOST)";
				FRAMEWORK_SEARCH_PATHS = (
					"$(SDKROOT)/Developer/Library/Frameworks",
					"$(inherited)",
				);
				INFOPLIST_FILE = ProjectEstimationTests/Info.plist;
				LD_RUNPATH_SEARCH_PATHS = "$(inherited) @executable_path/Frameworks @loader_path/Frameworks";
				PRODUCT_NAME = "$(TARGET_NAME)";
				TEST_HOST = "$(BUILT_PRODUCTS_DIR)/ProjectEstimation.app/ProjectEstimation";
			};
			name = Release;
		};
/* End XCBuildConfiguration section */

/* Begin XCConfigurationList section */
		18E080541B4659E200AABF9E /* Build configuration list for PBXProject "ProjectEstimation" */ = {
			isa = XCConfigurationList;
			buildConfigurations = (
				18E0807D1B4659E300AABF9E /* Debug */,
				18E0807E1B4659E300AABF9E /* Release */,
			);
			defaultConfigurationIsVisible = 0;
			defaultConfigurationName = Release;
		};
		18E0807F1B4659E300AABF9E /* Build configuration list for PBXNativeTarget "ProjectEstimation" */ = {
			isa = XCConfigurationList;
			buildConfigurations = (
				18E080801B4659E300AABF9E /* Debug */,
				18E080811B4659E300AABF9E /* Release */,
			);
			defaultConfigurationIsVisible = 0;
			defaultConfigurationName = Release;
		};
		18E080821B4659E300AABF9E /* Build configuration list for PBXNativeTarget "ProjectEstimationTests" */ = {
			isa = XCConfigurationList;
			buildConfigurations = (
				18E080831B4659E300AABF9E /* Debug */,
				18E080841B4659E300AABF9E /* Release */,
			);
			defaultConfigurationIsVisible = 0;
			defaultConfigurationName = Release;
		};
/* End XCConfigurationList section */

/* Begin XCVersionGroup section */
		18E080631B4659E200AABF9E /* ProjectEstimation.xcdatamodeld */ = {
			isa = XCVersionGroup;
			children = (
				18E080641B4659E200AABF9E /* ProjectEstimation.xcdatamodel */,
			);
			currentVersion = 18E080641B4659E200AABF9E /* ProjectEstimation.xcdatamodel */;
			name = ProjectEstimation.xcdatamodeld;
			path = ../ProjectEstimation.xcdatamodeld;
			sourceTree = "<group>";
			versionGroupType = wrapper.xcdatamodel;
		};
/* End XCVersionGroup section */
	};
	rootObject = 18E080511B4659E200AABF9E /* Project object */;
}
